
Microsoft Visual Studio Solution File, Format Version 12.00
# Visual Studio 15
VisualStudioVersion = 15.0.26124.0
MinimumVisualStudioVersion = 15.0.26124.0
Project("{FAE04EC0-301F-11D3-BF4B-00C04F79EFBC}") = "API", "API\API.csproj", "{8DD83656-9ADA-4F54-9A18-497ADEE48496}"
EndProject
Project("{FAE04EC0-301F-11D3-BF4B-00C04F79EFBC}") = "Core", "Core\Core.csproj", "{1324E621-EFC5-4E33-826A-663959DC1A64}"
EndProject
Project("{FAE04EC0-301F-11D3-BF4B-00C04F79EFBC}") = "Infrastructure", "Infrastructure\Infrastructure.csproj", "{BCCDAE42-6E75-4CA8-A2A2-E7637213B349}"
EndProject
Global
	GlobalSection(SolutionConfigurationPlatforms) = preSolution
		Debug|Any CPU = Debug|Any CPU
		Debug|x64 = Debug|x64
		Debug|x86 = Debug|x86
		Release|Any CPU = Release|Any CPU
		Release|x64 = Release|x64
		Release|x86 = Release|x86
	EndGlobalSection
	GlobalSection(SolutionProperties) = preSolution
		HideSolutionNode = FALSE
	EndGlobalSection
	GlobalSection(ProjectConfigurationPlatforms) = postSolution
		{8DD83656-9ADA-4F54-9A18-497ADEE48496}.Debug|Any CPU.ActiveCfg = Debug|Any CPU
		{8DD83656-9ADA-4F54-9A18-497ADEE48496}.Debug|Any CPU.Build.0 = Debug|Any CPU
		{8DD83656-9ADA-4F54-9A18-497ADEE48496}.Debug|x64.ActiveCfg = Debug|Any CPU
		{8DD83656-9ADA-4F54-9A18-497ADEE48496}.Debug|x64.Build.0 = Debug|Any CPU
		{8DD83656-9ADA-4F54-9A18-497ADEE48496}.Debug|x86.ActiveCfg = Debug|Any CPU
		{8DD83656-9ADA-4F54-9A18-497ADEE48496}.Debug|x86.Build.0 = Debug|Any CPU
		{8DD83656-9ADA-4F54-9A18-497ADEE48496}.Release|Any CPU.ActiveCfg = Release|Any CPU
		{8DD83656-9ADA-4F54-9A18-497ADEE48496}.Release|Any CPU.Build.0 = Release|Any CPU
		{8DD83656-9ADA-4F54-9A18-497ADEE48496}.Release|x64.ActiveCfg = Release|Any CPU
		{8DD83656-9ADA-4F54-9A18-497ADEE48496}.Release|x64.Build.0 = Release|Any CPU
		{8DD83656-9ADA-4F54-9A18-497ADEE48496}.Release|x86.ActiveCfg = Release|Any CPU
		{8DD83656-9ADA-4F54-9A18-497ADEE48496}.Release|x86.Build.0 = Release|Any CPU
		{1324E621-EFC5-4E33-826A-663959DC1A64}.Debug|Any CPU.ActiveCfg = Debug|Any CPU
		{1324E621-EFC5-4E33-826A-663959DC1A64}.Debug|Any CPU.Build.0 = Debug|Any CPU
		{1324E621-EFC5-4E33-826A-663959DC1A64}.Debug|x64.ActiveCfg = Debug|Any CPU
		{1324E621-EFC5-4E33-826A-663959DC1A64}.Debug|x64.Build.0 = Debug|Any CPU
		{1324E621-EFC5-4E33-826A-663959DC1A64}.Debug|x86.ActiveCfg = Debug|Any CPU
		{1324E621-EFC5-4E33-826A-663959DC1A64}.Debug|x86.Build.0 = Debug|Any CPU
		{1324E621-EFC5-4E33-826A-663959DC1A64}.Release|Any CPU.ActiveCfg = Release|Any CPU
		{1324E621-EFC5-4E33-826A-663959DC1A64}.Release|Any CPU.Build.0 = Release|Any CPU
		{1324E621-EFC5-4E33-826A-663959DC1A64}.Release|x64.ActiveCfg = Release|Any CPU
		{1324E621-EFC5-4E33-826A-663959DC1A64}.Release|x64.Build.0 = Release|Any CPU
		{1324E621-EFC5-4E33-826A-663959DC1A64}.Release|x86.ActiveCfg = Release|Any CPU
		{1324E621-EFC5-4E33-826A-663959DC1A64}.Release|x86.Build.0 = Release|Any CPU
		{BCCDAE42-6E75-4CA8-A2A2-E7637213B349}.Debug|Any CPU.ActiveCfg = Debug|Any CPU
		{BCCDAE42-6E75-4CA8-A2A2-E7637213B349}.Debug|Any CPU.Build.0 = Debug|Any CPU
		{BCCDAE42-6E75-4CA8-A2A2-E7637213B349}.Debug|x64.ActiveCfg = Debug|Any CPU
		{BCCDAE42-6E75-4CA8-A2A2-E7637213B349}.Debug|x64.Build.0 = Debug|Any CPU
		{BCCDAE42-6E75-4CA8-A2A2-E7637213B349}.Debug|x86.ActiveCfg = Debug|Any CPU
		{BCCDAE42-6E75-4CA8-A2A2-E7637213B349}.Debug|x86.Build.0 = Debug|Any CPU
		{BCCDAE42-6E75-4CA8-A2A2-E7637213B349}.Release|Any CPU.ActiveCfg = Release|Any CPU
		{BCCDAE42-6E75-4CA8-A2A2-E7637213B349}.Release|Any CPU.Build.0 = Release|Any CPU
		{BCCDAE42-6E75-4CA8-A2A2-E7637213B349}.Release|x64.ActiveCfg = Release|Any CPU
		{BCCDAE42-6E75-4CA8-A2A2-E7637213B349}.Release|x64.Build.0 = Release|Any CPU
		{BCCDAE42-6E75-4CA8-A2A2-E7637213B349}.Release|x86.ActiveCfg = Release|Any CPU
		{BCCDAE42-6E75-4CA8-A2A2-E7637213B349}.Release|x86.Build.0 = Release|Any CPU
	EndGlobalSection
EndGlobal
